{
  "name": "strict22-repro",
  "version": "0.0.0",
  "lockfileVersion": 3,
  "requires": true,
  "packages": {
    "": {
      "name": "strict22-repro",
      "version": "0.0.0",
      "license": "ISC",
      "dependencies": {
        "is-svg": "^6.1.0"
      },
      "engines": {
        "node": "^22",
        "npm": "^10 || ^11"
      }
    },
    "node_modules/@file-type/xml": {
      "version": "0.4.3",
      "resolved": "https://registry.npmjs.org/@file-type/xml/-/xml-0.4.3.tgz",
      "integrity": "sha512-pGRmkHf+NofNy/52r06HOTsEwdNnBsFEhN6U95s33P+ezuoxZEyBTV9lOB1/Zr0So6/9vDVfWZXLpgd0fy8cOQ==",
      "license": "MIT",
      "dependencies": {
        "sax": "^1.4.1",
        "strtok3": "^10.2.2"
      }
    },
    "node_modules/@tokenizer/token": {
      "version": "0.3.0",
      "resolved": "https://registry.npmjs.org/@tokenizer/token/-/token-0.3.0.tgz",
      "integrity": "sha512-OvjF+z51L3ov0OyAU0duzsYuvO01PH7x4t6DJx+guahgTnBHkhJdG7soQeTSFLWN3efnHyibZ4Z8l2EuWwJN3A==",
      "license": "MIT"
    },
    "node_modules/is-svg": {
      "version": "6.1.0",
      "resolved": "https://registry.npmjs.org/is-svg/-/is-svg-6.1.0.tgz",
      "integrity": "sha512-i7YPdvYuSCYcaLQrKwt8cvKTlwHcdA6Hp8N9SO3Q5jIzo8x6kH3N47W0BvPP7NdxVBmIHx7X9DK36czYYW7lHg==",
      "license": "MIT",
      "dependencies": {
        "@file-type/xml": "^0.4.3"
      },
      "engines": {
        "node": ">=20"
      },
      "funding": {
        "url": "https://github.com/sponsors/sindresorhus"
      }
    },
    "node_modules/sax": {
      "version": "1.4.1",
      "resolved": "https://registry.npmjs.org/sax/-/sax-1.4.1.tgz",
      "integrity": "sha512-+aWOz7yVScEGoKNd4PA10LZ8sk0A/z5+nXQG5giUO5rprX9jgYsTdov9qCchZiPIZezbZH+jRut8nPodFAX4Jg==",
      "license": "ISC"
    },
    "node_modules/strtok3": {
      "version": "10.3.1",
      "resolved": "https://registry.npmjs.org/strtok3/-/strtok3-10.3.1.tgz",
      "integrity": "sha512-3JWEZM6mfix/GCJBBUrkA8p2Id2pBkyTkVCJKto55w080QBKZ+8R171fGrbiSp+yMO/u6F8/yUh7K4V9K+YCnw==",
      "license": "MIT",
      "dependencies": {
        "@tokenizer/token": "^0.3.0"
      },
      "engines": {
        "node": ">=18"
      },
      "funding": {
        "type": "github",
        "url": "https://github.com/sponsors/Borewit"
      }
    }
  }
}
